// !$*UTF8*$!
{
	archiveVersion = 1;
	classes = {
	};
	objectVersion = 77;
	objects = {

/* Begin PBXContainerItemProxy section */
		9092ABA42CF513E5005CF269 /* PBXContainerItemProxy */ = {
			isa = PBXContainerItemProxy;
			containerPortal = 9092AB8B2CF513E3005CF269 /* Project object */;
			proxyType = 1;
			remoteGlobalIDString = 9092AB922CF513E3005CF269;
			remoteInfo = ScrumRoll;
		};
		9092ABAE2CF513E5005CF269 /* PBXContainerItemProxy */ = {
			isa = PBXContainerItemProxy;
			containerPortal = 9092AB8B2CF513E3005CF269 /* Project object */;
			proxyType = 1;
			remoteGlobalIDString = 9092AB922CF513E3005CF269;
			remoteInfo = ScrumRoll;
		};
/* End PBXContainerItemProxy section */

/* Begin PBXFileReference section */
		9092AB932CF513E3005CF269 /* ScrumRoll.app */ = {isa = PBXFileReference; explicitFileType = wrapper.application; includeInIndex = 0; path = ScrumRoll.app; sourceTree = BUILT_PRODUCTS_DIR; };
		9092ABA32CF513E5005CF269 /* ScrumRollTests.xctest */ = {isa = PBXFileReference; explicitFileType = wrapper.cfbundle; includeInIndex = 0; path = ScrumRollTests.xctest; sourceTree = BUILT_PRODUCTS_DIR; };
		9092ABAD2CF513E5005CF269 /* ScrumRollUITests.xctest */ = {isa = PBXFileReference; explicitFileType = wrapper.cfbundle; includeInIndex = 0; path = ScrumRollUITests.xctest; sourceTree = BUILT_PRODUCTS_DIR; };
/* End PBXFileReference section */

/* Begin PBXFileSystemSynchronizedRootGroup section */
		9092AB952CF513E3005CF269 /* ScrumRoll */ = {
			isa = PBXFileSystemSynchronizedRootGroup;
			path = ScrumRoll;
			sourceTree = "<group>";
		};
		9092ABA62CF513E5005CF269 /* ScrumRollTests */ = {
			isa = PBXFileSystemSynchronizedRootGroup;
			path = ScrumRollTests;
			sourceTree = "<group>";
		};
		9092ABB02CF513E5005CF269 /* ScrumRollUITests */ = {
			isa = PBXFileSystemSynchronizedRootGroup;
			path = ScrumRollUITests;
			sourceTree = "<group>";
		};
/* End PBXFileSystemSynchronizedRootGroup section */

/* Begin PBXFrameworksBuildPhase section */
		9092AB902CF513E3005CF269 /* Frameworks */ = {
			isa = PBXFrameworksBuildPhase;
			buildActionMask = 2147483647;
			files = (
			);
			runOnlyForDeploymentPostprocessing = 0;
		};
		9092ABA02CF513E5005CF269 /* Frameworks */ = {
			isa = PBXFrameworksBuildPhase;
			buildActionMask = 2147483647;
			files = (
			);
			runOnlyForDeploymentPostprocessing = 0;
		};
		9092ABAA2CF513E5005CF269 /* Frameworks */ = {
			isa = PBXFrameworksBuildPhase;
			buildActionMask = 2147483647;
			files = (
			);
			runOnlyForDeploymentPostprocessing = 0;
		};
/* End PBXFrameworksBuildPhase section */

/* Begin PBXGroup section */
		9092AB8A2CF513E3005CF269 = {
			isa = PBXGroup;
			children = (
				9092AB952CF513E3005CF269 /* ScrumRoll */,
				9092ABA62CF513E5005CF269 /* ScrumRollTests */,
				9092ABB02CF513E5005CF269 /* ScrumRollUITests */,
				9092AB942CF513E3005CF269 /* Products */,
			);
			sourceTree = "<group>";
		};
		9092AB942CF513E3005CF269 /* Products */ = {
			isa = PBXGroup;
			children = (
				9092AB932CF513E3005CF269 /* ScrumRoll.app */,
				9092ABA32CF513E5005CF269 /* ScrumRollTests.xctest */,
				9092ABAD2CF513E5005CF269 /* ScrumRollUITests.xctest */,
			);
			name = Products;
			sourceTree = "<group>";
		};
/* End PBXGroup section */

/* Begin PBXNativeTarget section */
		9092AB922CF513E3005CF269 /* ScrumRoll */ = {
			isa = PBXNativeTarget;
			buildConfigurationList = 9092ABB72CF513E5005CF269 /* Build configuration list for PBXNativeTarget "ScrumRoll" */;
			buildPhases = (
				9092AB8F2CF513E3005CF269 /* Sources */,
				9092AB902CF513E3005CF269 /* Frameworks */,
				9092AB912CF513E3005CF269 /* Resources */,
			);
			buildRules = (
			);
			dependencies = (
			);
			fileSystemSynchronizedGroups = (
				9092AB952CF513E3005CF269 /* ScrumRoll */,
			);
			name = ScrumRoll;
			packageProductDependencies = (
			);
			productName = ScrumRoll;
			productReference = 9092AB932CF513E3005CF269 /* ScrumRoll.app */;
			productType = "com.apple.product-type.application";
		};
		9092ABA22CF513E5005CF269 /* ScrumRollTests */ = {
			isa = PBXNativeTarget;
			buildConfigurationList = 9092ABBA2CF513E5005CF269 /* Build configuration list for PBXNativeTarget "ScrumRollTests" */;
			buildPhases = (
				9092AB9F2CF513E5005CF269 /* Sources */,
				9092ABA02CF513E5005CF269 /* Frameworks */,
				9092ABA12CF513E5005CF269 /* Resources */,
			);
			buildRules = (
			);
			dependencies = (
				9092ABA52CF513E5005CF269 /* PBXTargetDependency */,
			);
			fileSystemSynchronizedGroups = (
				9092ABA62CF513E5005CF269 /* ScrumRollTests */,
			);
			name = ScrumRollTests;
			packageProductDependencies = (
			);
			productName = ScrumRollTests;
			productReference = 9092ABA32CF513E5005CF269 /* ScrumRollTests.xctest */;
			productType = "com.apple.product-type.bundle.unit-test";
		};
		9092ABAC2CF513E5005CF269 /* ScrumRollUITests */ = {
			isa = PBXNativeTarget;
			buildConfigurationList = 9092ABBD2CF513E5005CF269 /* Build configuration list for PBXNativeTarget "ScrumRollUITests" */;
			buildPhases = (
				9092ABA92CF513E5005CF269 /* Sources */,
				9092ABAA2CF513E5005CF269 /* Frameworks */,
				9092ABAB2CF513E5005CF269 /* Resources */,
			);
			buildRules = (
			);
			dependencies = (
				9092ABAF2CF513E5005CF269 /* PBXTargetDependency */,
			);
			fileSystemSynchronizedGroups = (
				9092ABB02CF513E5005CF269 /* ScrumRollUITests */,
			);
			name = ScrumRollUITests;
			packageProductDependencies = (
			);
			productName = ScrumRollUITests;
			productReference = 9092ABAD2CF513E5005CF269 /* ScrumRollUITests.xctest */;
			productType = "com.apple.product-type.bundle.ui-testing";
		};
/* End PBXNativeTarget section */

/* Begin PBXProject section */
		9092AB8B2CF513E3005CF269 /* Project object */ = {
			isa = PBXProject;
			attributes = {
				BuildIndependentTargetsInParallel = 1;
				LastSwiftUpdateCheck = 1610;
				LastUpgradeCheck = 1610;
				TargetAttributes = {
					9092AB922CF513E3005CF269 = {
						CreatedOnToolsVersion = 16.1;
					};
					9092ABA22CF513E5005CF269 = {
						CreatedOnToolsVersion = 16.1;
						TestTargetID = 9092AB922CF513E3005CF269;
					};
					9092ABAC2CF513E5005CF269 = {
						CreatedOnToolsVersion = 16.1;
						TestTargetID = 9092AB922CF513E3005CF269;
					};
				};
			};
			buildConfigurationList = 9092AB8E2CF513E3005CF269 /* Build configuration list for PBXProject "ScrumRoll" */;
			developmentRegion = en;
			hasScannedForEncodings = 0;
			knownRegions = (
				en,
				Base,
			);
			mainGroup = 9092AB8A2CF513E3005CF269;
			minimizedProjectReferenceProxies = 1;
			preferredProjectObjectVersion = 77;
			productRefGroup = 9092AB942CF513E3005CF269 /* Products */;
			projectDirPath = "";
			projectRoot = "";
			targets = (
				9092AB922CF513E3005CF269 /* ScrumRoll */,
				9092ABA22CF513E5005CF269 /* ScrumRollTests */,
				9092ABAC2CF513E5005CF269 /* ScrumRollUITests */,
			);
		};
/* End PBXProject section */

/* Begin PBXResourcesBuildPhase section */
		9092AB912CF513E3005CF269 /* Resources */ = {
			isa = PBXResourcesBuildPhase;
			buildActionMask = 2147483647;
			files = (
			);
			runOnlyForDeploymentPostprocessing = 0;
		};
		9092ABA12CF513E5005CF269 /* Resources */ = {
			isa = PBXResourcesBuildPhase;
			buildActionMask = 2147483647;
			files = (
			);
			runOnlyForDeploymentPostprocessing = 0;
		};
		9092ABAB2CF513E5005CF269 /* Resources */ = {
			isa = PBXResourcesBuildPhase;
			buildActionMask = 2147483647;
			files = (
			);
			runOnlyForDeploymentPostprocessing = 0;
		};
/* End PBXResourcesBuildPhase section */

/* Begin PBXSourcesBuildPhase section */
		9092AB8F2CF513E3005CF269 /* Sources */ = {
			isa = PBXSourcesBuildPhase;
			buildActionMask = 2147483647;
			files = (
			);
			runOnlyForDeploymentPostprocessing = 0;
		};
		9092AB9F2CF513E5005CF269 /* Sources */ = {
			isa = PBXSourcesBuildPhase;
			buildActionMask = 2147483647;
			files = (
			);
			runOnlyForDeploymentPostprocessing = 0;
		};
		9092ABA92CF513E5005CF269 /* Sources */ = {
			isa = PBXSourcesBuildPhase;
			buildActionMask = 2147483647;
			files = (
			);
			runOnlyForDeploymentPostprocessing = 0;
		};
/* End PBXSourcesBuildPhase section */

/* Begin PBXTargetDependency section */
		9092ABA52CF513E5005CF269 /* PBXTargetDependency */ = {
			isa = PBXTargetDependency;
			target = 9092AB922CF513E3005CF269 /* ScrumRoll */;
			targetProxy = 9092ABA42CF513E5005CF269 /* PBXContainerItemProxy */;
		};
		9092ABAF2CF513E5005CF269 /* PBXTargetDependency */ = {
			isa = PBXTargetDependency;
			target = 9092AB922CF513E3005CF269 /* ScrumRoll */;
			targetProxy = 9092ABAE2CF513E5005CF269 /* PBXContainerItemProxy */;
		};
/* End PBXTargetDependency section */

/* Begin XCBuildConfiguration section */
		9092ABB52CF513E5005CF269 /* Debug */ = {
			isa = XCBuildConfiguration;
			buildSettings = {
				ALWAYS_SEARCH_USER_PATHS = NO;
				ASSETCATALOG_COMPILER_GENERATE_SWIFT_ASSET_SYMBOL_EXTENSIONS = YES;
				CLANG_ANALYZER_NONNULL = YES;
				CLANG_ANALYZER_NUMBER_OBJECT_CONVERSION = YES_AGGRESSIVE;
				CLANG_CXX_LANGUAGE_STANDARD = "gnu++20";
				CLANG_ENABLE_MODULES = YES;
				CLANG_ENABLE_OBJC_ARC = YES;
				CLANG_ENABLE_OBJC_WEAK = YES;
				CLANG_WARN_BLOCK_CAPTURE_AUTORELEASING = YES;
				CLANG_WARN_BOOL_CONVERSION = YES;
				CLANG_WARN_COMMA = YES;
				CLANG_WARN_CONSTANT_CONVERSION = YES;
				CLANG_WARN_DEPRECATED_OBJC_IMPLEMENTATIONS = YES;
				CLANG_WARN_DIRECT_OBJC_ISA_USAGE = YES_ERROR;
				CLANG_WARN_DOCUMENTATION_COMMENTS = YES;
				CLANG_WARN_EMPTY_BODY = YES;
				CLANG_WARN_ENUM_CONVERSION = YES;
				CLANG_WARN_INFINITE_RECURSION = YES;
				CLANG_WARN_INT_CONVERSION = YES;
				CLANG_WARN_NON_LITERAL_NULL_CONVERSION = YES;
				CLANG_WARN_OBJC_IMPLICIT_RETAIN_SELF = YES;
				CLANG_WARN_OBJC_LITERAL_CONVERSION = YES;
				CLANG_WARN_OBJC_ROOT_CLASS = YES_ERROR;
				CLANG_WARN_QUOTED_INCLUDE_IN_FRAMEWORK_HEADER = YES;
				CLANG_WARN_RANGE_LOOP_ANALYSIS = YES;
				CLANG_WARN_STRICT_PROTOTYPES = YES;
				CLANG_WARN_SUSPICIOUS_MOVE = YES;
				CLANG_WARN_UNGUARDED_AVAILABILITY = YES_AGGRESSIVE;
				CLANG_WARN_UNREACHABLE_CODE = YES;
				CLANG_WARN__DUPLICATE_METHOD_MATCH = YES;
				COPY_PHASE_STRIP = NO;
				DEBUG_INFORMATION_FORMAT = dwarf;
				ENABLE_STRICT_OBJC_MSGSEND = YES;
				ENABLE_TESTABILITY = YES;
				ENABLE_USER_SCRIPT_SANDBOXING = YES;
				GCC_C_LANGUAGE_STANDARD = gnu17;
				GCC_DYNAMIC_NO_PIC = NO;
				GCC_NO_COMMON_BLOCKS = YES;
				GCC_OPTIMIZATION_LEVEL = 0;
				GCC_PREPROCESSOR_DEFINITIONS = (
					"DEBUG=1",
					"$(inherited)",
				);
				GCC_WARN_64_TO_32_BIT_CONVERSION = YES;
				GCC_WARN_ABOUT_RETURN_TYPE = YES_ERROR;
				GCC_WARN_UNDECLARED_SELECTOR = YES;
				GCC_WARN_UNINITIALIZED_AUTOS = YES_AGGRESSIVE;
				GCC_WARN_UNUSED_FUNCTION = YES;
				GCC_WARN_UNUSED_VARIABLE = YES;
				IPHONEOS_DEPLOYMENT_TARGET = 18.1;
				LOCALIZATION_PREFERS_STRING_CATALOGS = YES;
				MTL_ENABLE_DEBUG_INFO = INCLUDE_SOURCE;
				MTL_FAST_MATH = YES;
				ONLY_ACTIVE_ARCH = YES;
				SDKROOT = iphoneos;
				SWIFT_ACTIVE_COMPILATION_CONDITIONS = "DEBUG $(inherited)";
				SWIFT_OPTIMIZATION_LEVEL = "-Onone";
			};
			name = Debug;
		};
		9092ABB62CF513E5005CF269 /* Release */ = {
			isa = XCBuildConfiguration;
			buildSettings = {
				ALWAYS_SEARCH_USER_PATHS = NO;
				ASSETCATALOG_COMPILER_GENERATE_SWIFT_ASSET_SYMBOL_EXTENSIONS = YES;
				CLANG_ANALYZER_NONNULL = YES;
				CLANG_ANALYZER_NUMBER_OBJECT_CONVERSION = YES_AGGRESSIVE;
				CLANG_CXX_LANGUAGE_STANDARD = "gnu++20";
				CLANG_ENABLE_MODULES = YES;
				CLANG_ENABLE_OBJC_ARC = YES;
				CLANG_ENABLE_OBJC_WEAK = YES;
				CLANG_WARN_BLOCK_CAPTURE_AUTORELEASING = YES;
				CLANG_WARN_BOOL_CONVERSION = YES;
				CLANG_WARN_COMMA = YES;
				CLANG_WARN_CONSTANT_CONVERSION = YES;
				CLANG_WARN_DEPRECATED_OBJC_IMPLEMENTATIONS = YES;
				CLANG_WARN_DIRECT_OBJC_ISA_USAGE = YES_ERROR;
				CLANG_WARN_DOCUMENTATION_COMMENTS = YES;
				CLANG_WARN_EMPTY_BODY = YES;
				CLANG_WARN_ENUM_CONVERSION = YES;
				CLANG_WARN_INFINITE_RECURSION = YES;
				CLANG_WARN_INT_CONVERSION = YES;
				CLANG_WARN_NON_LITERAL_NULL_CONVERSION = YES;
				CLANG_WARN_OBJC_IMPLICIT_RETAIN_SELF = YES;
				CLANG_WARN_OBJC_LITERAL_CONVERSION = YES;
				CLANG_WARN_OBJC_ROOT_CLASS = YES_ERROR;
				CLANG_WARN_QUOTED_INCLUDE_IN_FRAMEWORK_HEADER = YES;
				CLANG_WARN_RANGE_LOOP_ANALYSIS = YES;
				CLANG_WARN_STRICT_PROTOTYPES = YES;
				CLANG_WARN_SUSPICIOUS_MOVE = YES;
				CLANG_WARN_UNGUARDED_AVAILABILITY = YES_AGGRESSIVE;
				CLANG_WARN_UNREACHABLE_CODE = YES;
				CLANG_WARN__DUPLICATE_METHOD_MATCH = YES;
				COPY_PHASE_STRIP = NO;
				DEBUG_INFORMATION_FORMAT = "dwarf-with-dsym";
				ENABLE_NS_ASSERTIONS = NO;
				ENABLE_STRICT_OBJC_MSGSEND = YES;
				ENABLE_USER_SCRIPT_SANDBOXING = YES;
				GCC_C_LANGUAGE_STANDARD = gnu17;
				GCC_NO_COMMON_BLOCKS = YES;
				GCC_WARN_64_TO_32_BIT_CONVERSION = YES;
				GCC_WARN_ABOUT_RETURN_TYPE = YES_ERROR;
				GCC_WARN_UNDECLARED_SELECTOR = YES;
				GCC_WARN_UNINITIALIZED_AUTOS = YES_AGGRESSIVE;
				GCC_WARN_UNUSED_FUNCTION = YES;
				GCC_WARN_UNUSED_VARIABLE = YES;
				IPHONEOS_DEPLOYMENT_TARGET = 18.1;
				LOCALIZATION_PREFERS_STRING_CATALOGS = YES;
				MTL_ENABLE_DEBUG_INFO = NO;
				MTL_FAST_MATH = YES;
				SDKROOT = iphoneos;
				SWIFT_COMPILATION_MODE = wholemodule;
				VALIDATE_PRODUCT = YES;
			};
			name = Release;
		};
		9092ABB82CF513E5005CF269 /* Debug */ = {
			isa = XCBuildConfiguration;
			buildSettings = {
				ASSETCATALOG_COMPILER_APPICON_NAME = AppIcon;
				ASSETCATALOG_COMPILER_GLOBAL_ACCENT_COLOR_NAME = AccentColor;
				CODE_SIGN_STYLE = Automatic;
				CURRENT_PROJECT_VERSION = 1;
				DEVELOPMENT_ASSET_PATHS = "\"ScrumRoll/Preview Content\"";
				ENABLE_PREVIEWS = YES;
				GENERATE_INFOPLIST_FILE = YES;
				INFOPLIST_KEY_UIApplicationSceneManifest_Generation = YES;
				INFOPLIST_KEY_UIApplicationSupportsIndirectInputEvents = YES;
				INFOPLIST_KEY_UILaunchScreen_Generation = YES;
				INFOPLIST_KEY_UISupportedInterfaceOrientations_iPad = "UIInterfaceOrientationPortrait UIInterfaceOrientationPortraitUpsideDown UIInterfaceOrientationLandscapeLeft UIInterfaceOrientationLandscapeRight";
				INFOPLIST_KEY_UISupportedInterfaceOrientations_iPhone = "UIInterfaceOrientationPortrait UIInterfaceOrientationLandscapeLeft UIInterfaceOrientationLandscapeRight";
				LD_RUNPATH_SEARCH_PATHS = (
					"$(inherited)",
					"@executable_path/Frameworks",
				);
				MARKETING_VERSION = 1.0;
				PRODUCT_BUNDLE_IDENTIFIER = tiff.ScrumRoll;
				PRODUCT_NAME = "$(TARGET_NAME)";
				SWIFT_EMIT_LOC_STRINGS = YES;
				SWIFT_VERSION = 5.0;
				TARGETED_DEVICE_FAMILY = "1,2";
			};
			name = Debug;
		};
		9092ABB92CF513E5005CF269 /* Release */ = {
			isa = XCBuildConfiguration;
			buildSettings = {
				ASSETCATALOG_COMPILER_APPICON_NAME = AppIcon;
				ASSETCATALOG_COMPILER_GLOBAL_ACCENT_COLOR_NAME = AccentColor;
				CODE_SIGN_STYLE = Automatic;
				CURRENT_PROJECT_VERSION = 1;
				DEVELOPMENT_ASSET_PATHS = "\"ScrumRoll/Preview Content\"";
				ENABLE_PREVIEWS = YES;
				GENERATE_INFOPLIST_FILE = YES;
				INFOPLIST_KEY_UIApplicationSceneManifest_Generation = YES;
				INFOPLIST_KEY_UIApplicationSupportsIndirectInputEvents = YES;
				INFOPLIST_KEY_UILaunchScreen_Generation = YES;
				INFOPLIST_KEY_UISupportedInterfaceOrientations_iPad = "UIInterfaceOrientationPortrait UIInterfaceOrientationPortraitUpsideDown UIInterfaceOrientationLandscapeLeft UIInterfaceOrientationLandscapeRight";
				INFOPLIST_KEY_UISupportedInterfaceOrientations_iPhone = "UIInterfaceOrientationPortrait UIInterfaceOrientationLandscapeLeft UIInterfaceOrientationLandscapeRight";
				LD_RUNPATH_SEARCH_PATHS = (
					"$(inherited)",
					"@executable_path/Frameworks",
				);
				MARKETING_VERSION = 1.0;
				PRODUCT_BUNDLE_IDENTIFIER = tiff.ScrumRoll;
				PRODUCT_NAME = "$(TARGET_NAME)";
				SWIFT_EMIT_LOC_STRINGS = YES;
				SWIFT_VERSION = 5.0;
				TARGETED_DEVICE_FAMILY = "1,2";
			};
			name = Release;
		};
		9092ABBB2CF513E5005CF269 /* Debug */ = {
			isa = XCBuildConfiguration;
			buildSettings = {
				BUNDLE_LOADER = "$(TEST_HOST)";
				CODE_SIGN_STYLE = Automatic;
				CURRENT_PROJECT_VERSION = 1;
				GENERATE_INFOPLIST_FILE = YES;
				IPHONEOS_DEPLOYMENT_TARGET = 18.1;
				MARKETING_VERSION = 1.0;
				PRODUCT_BUNDLE_IDENTIFIER = tiff.ScrumRollTests;
				PRODUCT_NAME = "$(TARGET_NAME)";
				SWIFT_EMIT_LOC_STRINGS = NO;
				SWIFT_VERSION = 5.0;
				TARGETED_DEVICE_FAMILY = "1,2";
				TEST_HOST = "$(BUILT_PRODUCTS_DIR)/ScrumRoll.app/$(BUNDLE_EXECUTABLE_FOLDER_PATH)/ScrumRoll";
			};
			name = Debug;
		};
		9092ABBC2CF513E5005CF269 /* Release */ = {
			isa = XCBuildConfiguration;
			buildSettings = {
				BUNDLE_LOADER = "$(TEST_HOST)";
				CODE_SIGN_STYLE = Automatic;
				CURRENT_PROJECT_VERSION = 1;
				GENERATE_INFOPLIST_FILE = YES;
				IPHONEOS_DEPLOYMENT_TARGET = 18.1;
				MARKETING_VERSION = 1.0;
				PRODUCT_BUNDLE_IDENTIFIER = tiff.ScrumRollTests;
				PRODUCT_NAME = "$(TARGET_NAME)";
				SWIFT_EMIT_LOC_STRINGS = NO;
				SWIFT_VERSION = 5.0;
				TARGETED_DEVICE_FAMILY = "1,2";
				TEST_HOST = "$(BUILT_PRODUCTS_DIR)/ScrumRoll.app/$(BUNDLE_EXECUTABLE_FOLDER_PATH)/ScrumRoll";
			};
			name = Release;
		};
		9092ABBE2CF513E5005CF269 /* Debug */ = {
			isa = XCBuildConfiguration;
			buildSettings = {
				CODE_SIGN_STYLE = Automatic;
				CURRENT_PROJECT_VERSION = 1;
				GENERATE_INFOPLIST_FILE = YES;
				MARKETING_VERSION = 1.0;
				PRODUCT_BUNDLE_IDENTIFIER = tiff.ScrumRollUITests;
				PRODUCT_NAME = "$(TARGET_NAME)";
				SWIFT_EMIT_LOC_STRINGS = NO;
				SWIFT_VERSION = 5.0;
				TARGETED_DEVICE_FAMILY = "1,2";
				TEST_TARGET_NAME = ScrumRoll;
			};
			name = Debug;
		};
		9092ABBF2CF513E5005CF269 /* Release */ = {
			isa = XCBuildConfiguration;
			buildSettings = {
				CODE_SIGN_STYLE = Automatic;
				CURRENT_PROJECT_VERSION = 1;
				GENERATE_INFOPLIST_FILE = YES;
				MARKETING_VERSION = 1.0;
				PRODUCT_BUNDLE_IDENTIFIER = tiff.ScrumRollUITests;
				PRODUCT_NAME = "$(TARGET_NAME)";
				SWIFT_EMIT_LOC_STRINGS = NO;
				SWIFT_VERSION = 5.0;
				TARGETED_DEVICE_FAMILY = "1,2";
				TEST_TARGET_NAME = ScrumRoll;
			};
			name = Release;
		};
/* End XCBuildConfiguration section */

/* Begin XCConfigurationList section */
		9092AB8E2CF513E3005CF269 /* Build configuration list for PBXProject "ScrumRoll" */ = {
			isa = XCConfigurationList;
			buildConfigurations = (
				9092ABB52CF513E5005CF269 /* Debug */,
				9092ABB62CF513E5005CF269 /* Release */,
			);
			defaultConfigurationIsVisible = 0;
			defaultConfigurationName = Release;
		};
		9092ABB72CF513E5005CF269 /* Build configuration list for PBXNativeTarget "ScrumRoll" */ = {
			isa = XCConfigurationList;
			buildConfigurations = (
				9092ABB82CF513E5005CF269 /* Debug */,
				9092ABB92CF513E5005CF269 /* Release */,
			);
			defaultConfigurationIsVisible = 0;
			defaultConfigurationName = Release;
		};
		9092ABBA2CF513E5005CF269 /* Build configuration list for PBXNativeTarget "ScrumRollTests" */ = {
			isa = XCConfigurationList;
			buildConfigurations = (
				9092ABBB2CF513E5005CF269 /* Debug */,
				9092ABBC2CF513E5005CF269 /* Release */,
			);
			defaultConfigurationIsVisible = 0;
			defaultConfigurationName = Release;
		};
		9092ABBD2CF513E5005CF269 /* Build configuration list for PBXNativeTarget "ScrumRollUITests" */ = {
			isa = XCConfigurationList;
			buildConfigurations = (
				9092ABBE2CF513E5005CF269 /* Debug */,
				9092ABBF2CF513E5005CF269 /* Release */,
			);
			defaultConfigurationIsVisible = 0;
			defaultConfigurationName = Release;
		};
/* End XCConfigurationList section */
	};
	rootObject = 9092AB8B2CF513E3005CF269 /* Project object */;
}
